// !$*UTF8*$!
{
	archiveVersion = 1;
	classes = {
	};
	objectVersion = 56;
	objects = {

/* Begin PBXBuildFile section */
		980BB9852AFF6B1300692D15 /* UTCDateRepository.swift in Sources */ = {isa = PBXBuildFile; fileRef = 980BB9842AFF6B1300692D15 /* UTCDateRepository.swift */; };
		9879AF222AF7908C00BA6626 /* AppDelegate.swift in Sources */ = {isa = PBXBuildFile; fileRef = 9879AF212AF7908C00BA6626 /* AppDelegate.swift */; };
		9879AF242AF7908C00BA6626 /* SceneDelegate.swift in Sources */ = {isa = PBXBuildFile; fileRef = 9879AF232AF7908C00BA6626 /* SceneDelegate.swift */; };
		9879AF262AF7908C00BA6626 /* WatchViewController.swift in Sources */ = {isa = PBXBuildFile; fileRef = 9879AF252AF7908C00BA6626 /* WatchViewController.swift */; };
		9879AF292AF7908C00BA6626 /* Main.storyboard in Resources */ = {isa = PBXBuildFile; fileRef = 9879AF272AF7908C00BA6626 /* Main.storyboard */; };
		9879AF2B2AF7908E00BA6626 /* Assets.xcassets in Resources */ = {isa = PBXBuildFile; fileRef = 9879AF2A2AF7908E00BA6626 /* Assets.xcassets */; };
		9879AF2E2AF7908E00BA6626 /* LaunchScreen.storyboard in Resources */ = {isa = PBXBuildFile; fileRef = 9879AF2C2AF7908E00BA6626 /* LaunchScreen.storyboard */; };
		9879AF362AF7952200BA6626 /* UTCDateEntity.swift in Sources */ = {isa = PBXBuildFile; fileRef = 9879AF352AF7952200BA6626 /* UTCDateEntity.swift */; };
		98C753B92AFF6C6100742A56 /* UTCDateViewModel.swift in Sources */ = {isa = PBXBuildFile; fileRef = 98C753B82AFF6C6100742A56 /* UTCDateViewModel.swift */; };
		98C753BB2AFF6C7A00742A56 /* UTCDate.swift in Sources */ = {isa = PBXBuildFile; fileRef = 98C753BA2AFF6C7A00742A56 /* UTCDate.swift */; };
		98C753BD2AFF6FE500742A56 /* UTCDateService.swift in Sources */ = {isa = PBXBuildFile; fileRef = 98C753BC2AFF6FE500742A56 /* UTCDateService.swift */; };
/* End PBXBuildFile section */

/* Begin PBXFileReference section */
		980BB9842AFF6B1300692D15 /* UTCDateRepository.swift */ = {isa = PBXFileReference; lastKnownFileType = sourcecode.swift; path = UTCDateRepository.swift; sourceTree = "<group>"; };
		9879AF1E2AF7908C00BA6626 /* UTCWatchAppMvvm.app */ = {isa = PBXFileReference; explicitFileType = wrapper.application; includeInIndex = 0; path = UTCWatchAppMvvm.app; sourceTree = BUILT_PRODUCTS_DIR; };
		9879AF212AF7908C00BA6626 /* AppDelegate.swift */ = {isa = PBXFileReference; lastKnownFileType = sourcecode.swift; path = AppDelegate.swift; sourceTree = "<group>"; };
		9879AF232AF7908C00BA6626 /* SceneDelegate.swift */ = {isa = PBXFileReference; lastKnownFileType = sourcecode.swift; path = SceneDelegate.swift; sourceTree = "<group>"; };
		9879AF252AF7908C00BA6626 /* WatchViewController.swift */ = {isa = PBXFileReference; lastKnownFileType = sourcecode.swift; path = WatchViewController.swift; sourceTree = "<group>"; };
		9879AF282AF7908C00BA6626 /* Base */ = {isa = PBXFileReference; lastKnownFileType = file.storyboard; name = Base; path = Base.lproj/Main.storyboard; sourceTree = "<group>"; };
		9879AF2A2AF7908E00BA6626 /* Assets.xcassets */ = {isa = PBXFileReference; lastKnownFileType = folder.assetcatalog; path = Assets.xcassets; sourceTree = "<group>"; };
		9879AF2D2AF7908E00BA6626 /* Base */ = {isa = PBXFileReference; lastKnownFileType = file.storyboard; name = Base; path = Base.lproj/LaunchScreen.storyboard; sourceTree = "<group>"; };
		9879AF2F2AF7908E00BA6626 /* Info.plist */ = {isa = PBXFileReference; lastKnownFileType = text.plist.xml; path = Info.plist; sourceTree = "<group>"; };
		9879AF352AF7952200BA6626 /* UTCDateEntity.swift */ = {isa = PBXFileReference; lastKnownFileType = sourcecode.swift; path = UTCDateEntity.swift; sourceTree = "<group>"; };
		98C753B82AFF6C6100742A56 /* UTCDateViewModel.swift */ = {isa = PBXFileReference; lastKnownFileType = sourcecode.swift; path = UTCDateViewModel.swift; sourceTree = "<group>"; };
		98C753BA2AFF6C7A00742A56 /* UTCDate.swift */ = {isa = PBXFileReference; lastKnownFileType = sourcecode.swift; path = UTCDate.swift; sourceTree = "<group>"; };
		98C753BC2AFF6FE500742A56 /* UTCDateService.swift */ = {isa = PBXFileReference; lastKnownFileType = sourcecode.swift; path = UTCDateService.swift; sourceTree = "<group>"; };
/* End PBXFileReference section */

/* Begin PBXFrameworksBuildPhase section */
		9879AF1B2AF7908C00BA6626 /* Frameworks */ = {
			isa = PBXFrameworksBuildPhase;
			buildActionMask = 2147483647;
			files = (
			);
			runOnlyForDeploymentPostprocessing = 0;
		};
/* End PBXFrameworksBuildPhase section */

/* Begin PBXGroup section */
		980BB97F2AFF6A5200692D15 /* Application */ = {
			isa = PBXGroup;
			children = (
				9879AF212AF7908C00BA6626 /* AppDelegate.swift */,
				9879AF232AF7908C00BA6626 /* SceneDelegate.swift */,
			);
			path = Application;
			sourceTree = "<group>";
		};
		980BB9812AFF6A7500692D15 /* View */ = {
			isa = PBXGroup;
			children = (
				9879AF252AF7908C00BA6626 /* WatchViewController.swift */,
			);
			path = View;
			sourceTree = "<group>";
		};
		980BB9822AFF6A8400692D15 /* Assets */ = {
			isa = PBXGroup;
			children = (
				9879AF2A2AF7908E00BA6626 /* Assets.xcassets */,
				9879AF272AF7908C00BA6626 /* Main.storyboard */,
				9879AF2C2AF7908E00BA6626 /* LaunchScreen.storyboard */,
			);
			path = Assets;
			sourceTree = "<group>";
		};
		980BB9832AFF6AF100692D15 /* Repository */ = {
			isa = PBXGroup;
			children = (
				9879AF352AF7952200BA6626 /* UTCDateEntity.swift */,
				980BB9842AFF6B1300692D15 /* UTCDateRepository.swift */,
			);
			path = Repository;
			sourceTree = "<group>";
		};
		9879AF152AF7908C00BA6626 = {
			isa = PBXGroup;
			children = (
				9879AF202AF7908C00BA6626 /* UTCWatchAppMvvm */,
				9879AF1F2AF7908C00BA6626 /* Products */,
			);
			sourceTree = "<group>";
		};
		9879AF1F2AF7908C00BA6626 /* Products */ = {
			isa = PBXGroup;
			children = (
				9879AF1E2AF7908C00BA6626 /* UTCWatchAppMvvm.app */,
			);
			name = Products;
			sourceTree = "<group>";
		};
		9879AF202AF7908C00BA6626 /* UTCWatchAppMvvm */ = {
			isa = PBXGroup;
			children = (
				9879AF2F2AF7908E00BA6626 /* Info.plist */,
				980BB9822AFF6A8400692D15 /* Assets */,
				980BB97F2AFF6A5200692D15 /* Application */,
				980BB9812AFF6A7500692D15 /* View */,
				98C753B72AFF6C4C00742A56 /* ViewModel */,
				98C753B62AFF6C3500742A56 /* Service */,
				980BB9832AFF6AF100692D15 /* Repository */,
			);
			path = UTCWatchAppMvvm;
			sourceTree = "<group>";
		};
		98C753B62AFF6C3500742A56 /* Service */ = {
			isa = PBXGroup;
			children = (
				98C753BA2AFF6C7A00742A56 /* UTCDate.swift */,
				98C753BC2AFF6FE500742A56 /* UTCDateService.swift */,
			);
			path = Service;
			sourceTree = "<group>";
		};
		98C753B72AFF6C4C00742A56 /* ViewModel */ = {
			isa = PBXGroup;
			children = (
				98C753B82AFF6C6100742A56 /* UTCDateViewModel.swift */,
			);
			path = ViewModel;
			sourceTree = "<group>";
		};
/* End PBXGroup section */

/* Begin PBXNativeTarget section */
		9879AF1D2AF7908C00BA6626 /* UTCWatchAppMvvm */ = {
			isa = PBXNativeTarget;
			buildConfigurationList = 9879AF322AF7908E00BA6626 /* Build configuration list for PBXNativeTarget "UTCWatchAppMvvm" */;
			buildPhases = (
				9879AF1A2AF7908C00BA6626 /* Sources */,
				9879AF1B2AF7908C00BA6626 /* Frameworks */,
				9879AF1C2AF7908C00BA6626 /* Resources */,
			);
			buildRules = (
			);
			dependencies = (
			);
			name = UTCWatchAppMvvm;
			productName = UTCWatchApp;
			productReference = 9879AF1E2AF7908C00BA6626 /* UTCWatchAppMvvm.app */;
			productType = "com.apple.product-type.application";
		};
/* End PBXNativeTarget section */

/* Begin PBXProject section */
		9879AF162AF7908C00BA6626 /* Project object */ = {
			isa = PBXProject;
			attributes = {
				BuildIndependentTargetsInParallel = 1;
				LastSwiftUpdateCheck = 1500;
				LastUpgradeCheck = 1500;
				TargetAttributes = {
					9879AF1D2AF7908C00BA6626 = {
						CreatedOnToolsVersion = 15.0.1;
					};
				};
			};
			buildConfigurationList = 9879AF192AF7908C00BA6626 /* Build configuration list for PBXProject "UTCWatchAppMvvm" */;
			compatibilityVersion = "Xcode 14.0";
			developmentRegion = en;
			hasScannedForEncodings = 0;
			knownRegions = (
				en,
				Base,
			);
			mainGroup = 9879AF152AF7908C00BA6626;
			productRefGroup = 9879AF1F2AF7908C00BA6626 /* Products */;
			projectDirPath = "";
			projectRoot = "";
			targets = (
				9879AF1D2AF7908C00BA6626 /* UTCWatchAppMvvm */,
			);
		};
/* End PBXProject section */

/* Begin PBXResourcesBuildPhase section */
		9879AF1C2AF7908C00BA6626 /* Resources */ = {
			isa = PBXResourcesBuildPhase;
			buildActionMask = 2147483647;
			files = (
				9879AF2E2AF7908E00BA6626 /* LaunchScreen.storyboard in Resources */,
				9879AF2B2AF7908E00BA6626 /* Assets.xcassets in Resources */,
				9879AF292AF7908C00BA6626 /* Main.storyboard in Resources */,
			);
			runOnlyForDeploymentPostprocessing = 0;
		};
/* End PBXResourcesBuildPhase section */

/* Begin PBXSourcesBuildPhase section */
		9879AF1A2AF7908C00BA6626 /* Sources */ = {
			isa = PBXSourcesBuildPhase;
			buildActionMask = 2147483647;
			files = (
				98C753BB2AFF6C7A00742A56 /* UTCDate.swift in Sources */,
				9879AF262AF7908C00BA6626 /* WatchViewController.swift in Sources */,
				98C753BD2AFF6FE500742A56 /* UTCDateService.swift in Sources */,
				98C753B92AFF6C6100742A56 /* UTCDateViewModel.swift in Sources */,
				9879AF362AF7952200BA6626 /* UTCDateEntity.swift in Sources */,
				980BB9852AFF6B1300692D15 /* UTCDateRepository.swift in Sources */,
				9879AF222AF7908C00BA6626 /* AppDelegate.swift in Sources */,
				9879AF242AF7908C00BA6626 /* SceneDelegate.swift in Sources */,
			);
			runOnlyForDeploymentPostprocessing = 0;
		};
/* End PBXSourcesBuildPhase section */

/* Begin PBXVariantGroup section */
		9879AF272AF7908C00BA6626 /* Main.storyboard */ = {
			isa = PBXVariantGroup;
			children = (
				9879AF282AF7908C00BA6626 /* Base */,
			);
			name = Main.storyboard;
			sourceTree = "<group>";
		};
		9879AF2C2AF7908E00BA6626 /* LaunchScreen.storyboard */ = {
			isa = PBXVariantGroup;
			children = (
				9879AF2D2AF7908E00BA6626 /* Base */,
			);
			name = LaunchScreen.storyboard;
			sourceTree = "<group>";
		};
/* End PBXVariantGroup section */

/* Begin XCBuildConfiguration section */
		9879AF302AF7908E00BA6626 /* Debug */ = {
			isa = XCBuildConfiguration;
			buildSettings = {
				ALWAYS_SEARCH_USER_PATHS = NO;
				ASSETCATALOG_COMPILER_GENERATE_SWIFT_ASSET_SYMBOL_EXTENSIONS = YES;
				CLANG_ANALYZER_NONNULL = YES;
				CLANG_ANALYZER_NUMBER_OBJECT_CONVERSION = YES_AGGRESSIVE;
				CLANG_CXX_LANGUAGE_STANDARD = "gnu++20";
				CLANG_ENABLE_MODULES = YES;
				CLANG_ENABLE_OBJC_ARC = YES;
				CLANG_ENABLE_OBJC_WEAK = YES;
				CLANG_WARN_BLOCK_CAPTURE_AUTORELEASING = YES;
				CLANG_WARN_BOOL_CONVERSION = YES;
				CLANG_WARN_COMMA = YES;
				CLANG_WARN_CONSTANT_CONVERSION = YES;
				CLANG_WARN_DEPRECATED_OBJC_IMPLEMENTATIONS = YES;
				CLANG_WARN_DIRECT_OBJC_ISA_USAGE = YES_ERROR;
				CLANG_WARN_DOCUMENTATION_COMMENTS = YES;
				CLANG_WARN_EMPTY_BODY = YES;
				CLANG_WARN_ENUM_CONVERSION = YES;
				CLANG_WARN_INFINITE_RECURSION = YES;
				CLANG_WARN_INT_CONVERSION = YES;
				CLANG_WARN_NON_LITERAL_NULL_CONVERSION = YES;
				CLANG_WARN_OBJC_IMPLICIT_RETAIN_SELF = YES;
				CLANG_WARN_OBJC_LITERAL_CONVERSION = YES;
				CLANG_WARN_OBJC_ROOT_CLASS = YES_ERROR;
				CLANG_WARN_QUOTED_INCLUDE_IN_FRAMEWORK_HEADER = YES;
				CLANG_WARN_RANGE_LOOP_ANALYSIS = YES;
				CLANG_WARN_STRICT_PROTOTYPES = YES;
				CLANG_WARN_SUSPICIOUS_MOVE = YES;
				CLANG_WARN_UNGUARDED_AVAILABILITY = YES_AGGRESSIVE;
				CLANG_WARN_UNREACHABLE_CODE = YES;
				CLANG_WARN__DUPLICATE_METHOD_MATCH = YES;
				COPY_PHASE_STRIP = NO;
				DEBUG_INFORMATION_FORMAT = dwarf;
				ENABLE_STRICT_OBJC_MSGSEND = YES;
				ENABLE_TESTABILITY = YES;
				ENABLE_USER_SCRIPT_SANDBOXING = YES;
				GCC_C_LANGUAGE_STANDARD = gnu17;
				GCC_DYNAMIC_NO_PIC = NO;
				GCC_NO_COMMON_BLOCKS = YES;
				GCC_OPTIMIZATION_LEVEL = 0;
				GCC_PREPROCESSOR_DEFINITIONS = (
					"DEBUG=1",
					"$(inherited)",
				);
				GCC_WARN_64_TO_32_BIT_CONVERSION = YES;
				GCC_WARN_ABOUT_RETURN_TYPE = YES_ERROR;
				GCC_WARN_UNDECLARED_SELECTOR = YES;
				GCC_WARN_UNINITIALIZED_AUTOS = YES_AGGRESSIVE;
				GCC_WARN_UNUSED_FUNCTION = YES;
				GCC_WARN_UNUSED_VARIABLE = YES;
				IPHONEOS_DEPLOYMENT_TARGET = 17.0;
				LOCALIZATION_PREFERS_STRING_CATALOGS = YES;
				MTL_ENABLE_DEBUG_INFO = INCLUDE_SOURCE;
				MTL_FAST_MATH = YES;
				ONLY_ACTIVE_ARCH = YES;
				SDKROOT = iphoneos;
				SWIFT_ACTIVE_COMPILATION_CONDITIONS = "DEBUG $(inherited)";
				SWIFT_OPTIMIZATION_LEVEL = "-Onone";
			};
			name = Debug;
		};
		9879AF312AF7908E00BA6626 /* Release */ = {
			isa = XCBuildConfiguration;
			buildSettings = {
				ALWAYS_SEARCH_USER_PATHS = NO;
				ASSETCATALOG_COMPILER_GENERATE_SWIFT_ASSET_SYMBOL_EXTENSIONS = YES;
				CLANG_ANALYZER_NONNULL = YES;
				CLANG_ANALYZER_NUMBER_OBJECT_CONVERSION = YES_AGGRESSIVE;
				CLANG_CXX_LANGUAGE_STANDARD = "gnu++20";
				CLANG_ENABLE_MODULES = YES;
				CLANG_ENABLE_OBJC_ARC = YES;
				CLANG_ENABLE_OBJC_WEAK = YES;
				CLANG_WARN_BLOCK_CAPTURE_AUTORELEASING = YES;
				CLANG_WARN_BOOL_CONVERSION = YES;
				CLANG_WARN_COMMA = YES;
				CLANG_WARN_CONSTANT_CONVERSION = YES;
				CLANG_WARN_DEPRECATED_OBJC_IMPLEMENTATIONS = YES;
				CLANG_WARN_DIRECT_OBJC_ISA_USAGE = YES_ERROR;
				CLANG_WARN_DOCUMENTATION_COMMENTS = YES;
				CLANG_WARN_EMPTY_BODY = YES;
				CLANG_WARN_ENUM_CONVERSION = YES;
				CLANG_WARN_INFINITE_RECURSION = YES;
				CLANG_WARN_INT_CONVERSION = YES;
				CLANG_WARN_NON_LITERAL_NULL_CONVERSION = YES;
				CLANG_WARN_OBJC_IMPLICIT_RETAIN_SELF = YES;
				CLANG_WARN_OBJC_LITERAL_CONVERSION = YES;
				CLANG_WARN_OBJC_ROOT_CLASS = YES_ERROR;
				CLANG_WARN_QUOTED_INCLUDE_IN_FRAMEWORK_HEADER = YES;
				CLANG_WARN_RANGE_LOOP_ANALYSIS = YES;
				CLANG_WARN_STRICT_PROTOTYPES = YES;
				CLANG_WARN_SUSPICIOUS_MOVE = YES;
				CLANG_WARN_UNGUARDED_AVAILABILITY = YES_AGGRESSIVE;
				CLANG_WARN_UNREACHABLE_CODE = YES;
				CLANG_WARN__DUPLICATE_METHOD_MATCH = YES;
				COPY_PHASE_STRIP = NO;
				DEBUG_INFORMATION_FORMAT = "dwarf-with-dsym";
				ENABLE_NS_ASSERTIONS = NO;
				ENABLE_STRICT_OBJC_MSGSEND = YES;
				ENABLE_USER_SCRIPT_SANDBOXING = YES;
				GCC_C_LANGUAGE_STANDARD = gnu17;
				GCC_NO_COMMON_BLOCKS = YES;
				GCC_WARN_64_TO_32_BIT_CONVERSION = YES;
				GCC_WARN_ABOUT_RETURN_TYPE = YES_ERROR;
				GCC_WARN_UNDECLARED_SELECTOR = YES;
				GCC_WARN_UNINITIALIZED_AUTOS = YES_AGGRESSIVE;
				GCC_WARN_UNUSED_FUNCTION = YES;
				GCC_WARN_UNUSED_VARIABLE = YES;
				IPHONEOS_DEPLOYMENT_TARGET = 17.0;
				LOCALIZATION_PREFERS_STRING_CATALOGS = YES;
				MTL_ENABLE_DEBUG_INFO = NO;
				MTL_FAST_MATH = YES;
				SDKROOT = iphoneos;
				SWIFT_COMPILATION_MODE = wholemodule;
				VALIDATE_PRODUCT = YES;
			};
			name = Release;
		};
		9879AF332AF7908E00BA6626 /* Debug */ = {
			isa = XCBuildConfiguration;
			buildSettings = {
				ASSETCATALOG_COMPILER_APPICON_NAME = AppIcon;
				ASSETCATALOG_COMPILER_GLOBAL_ACCENT_COLOR_NAME = AccentColor;
				CODE_SIGN_STYLE = Automatic;
				CURRENT_PROJECT_VERSION = 1;
				GENERATE_INFOPLIST_FILE = YES;
				INFOPLIST_FILE = UTCWatchAppMvvm/Info.plist;
				INFOPLIST_KEY_CFBundleDisplayName = UTCWatchAppMvvm;
				INFOPLIST_KEY_UIApplicationSupportsIndirectInputEvents = YES;
				INFOPLIST_KEY_UILaunchStoryboardName = LaunchScreen;
				INFOPLIST_KEY_UIMainStoryboardFile = Main;
				INFOPLIST_KEY_UISupportedInterfaceOrientations_iPad = "UIInterfaceOrientationPortrait UIInterfaceOrientationPortraitUpsideDown UIInterfaceOrientationLandscapeLeft UIInterfaceOrientationLandscapeRight";
				INFOPLIST_KEY_UISupportedInterfaceOrientations_iPhone = "UIInterfaceOrientationPortrait UIInterfaceOrientationLandscapeLeft UIInterfaceOrientationLandscapeRight";
				LD_RUNPATH_SEARCH_PATHS = (
					"$(inherited)",
					"@executable_path/Frameworks",
				);
				MARKETING_VERSION = 1.0;
				PRODUCT_BUNDLE_IDENTIFIER = sohyun.UTCWatchAppMvvm;
				PRODUCT_NAME = "$(TARGET_NAME)";
				SWIFT_EMIT_LOC_STRINGS = YES;
				SWIFT_VERSION = 5.0;
				TARGETED_DEVICE_FAMILY = "1,2";
			};
			name = Debug;
		};
		9879AF342AF7908E00BA6626 /* Release */ = {
			isa = XCBuildConfiguration;
			buildSettings = {
				ASSETCATALOG_COMPILER_APPICON_NAME = AppIcon;
				ASSETCATALOG_COMPILER_GLOBAL_ACCENT_COLOR_NAME = AccentColor;
				CODE_SIGN_STYLE = Automatic;
				CURRENT_PROJECT_VERSION = 1;
				GENERATE_INFOPLIST_FILE = YES;
				INFOPLIST_FILE = UTCWatchAppMvvm/Info.plist;
				INFOPLIST_KEY_CFBundleDisplayName = UTCWatchAppMvvm;
				INFOPLIST_KEY_UIApplicationSupportsIndirectInputEvents = YES;
				INFOPLIST_KEY_UILaunchStoryboardName = LaunchScreen;
				INFOPLIST_KEY_UIMainStoryboardFile = Main;
				INFOPLIST_KEY_UISupportedInterfaceOrientations_iPad = "UIInterfaceOrientationPortrait UIInterfaceOrientationPortraitUpsideDown UIInterfaceOrientationLandscapeLeft UIInterfaceOrientationLandscapeRight";
				INFOPLIST_KEY_UISupportedInterfaceOrientations_iPhone = "UIInterfaceOrientationPortrait UIInterfaceOrientationLandscapeLeft UIInterfaceOrientationLandscapeRight";
				LD_RUNPATH_SEARCH_PATHS = (
					"$(inherited)",
					"@executable_path/Frameworks",
				);
				MARKETING_VERSION = 1.0;
				PRODUCT_BUNDLE_IDENTIFIER = sohyun.UTCWatchAppMvvm;
				PRODUCT_NAME = "$(TARGET_NAME)";
				SWIFT_EMIT_LOC_STRINGS = YES;
				SWIFT_VERSION = 5.0;
				TARGETED_DEVICE_FAMILY = "1,2";
			};
			name = Release;
		};
/* End XCBuildConfiguration section */

/* Begin XCConfigurationList section */
		9879AF192AF7908C00BA6626 /* Build configuration list for PBXProject "UTCWatchAppMvvm" */ = {
			isa = XCConfigurationList;
			buildConfigurations = (
				9879AF302AF7908E00BA6626 /* Debug */,
				9879AF312AF7908E00BA6626 /* Release */,
			);
			defaultConfigurationIsVisible = 0;
			defaultConfigurationName = Release;
		};
		9879AF322AF7908E00BA6626 /* Build configuration list for PBXNativeTarget "UTCWatchAppMvvm" */ = {
			isa = XCConfigurationList;
			buildConfigurations = (
				9879AF332AF7908E00BA6626 /* Debug */,
				9879AF342AF7908E00BA6626 /* Release */,
			);
			defaultConfigurationIsVisible = 0;
			defaultConfigurationName = Release;
		};
/* End XCConfigurationList section */
	};
	rootObject = 9879AF162AF7908C00BA6626 /* Project object */;
}
